
Microsoft Visual Studio Solution File, Format Version 12.00
# Visual Studio Version 17
VisualStudioVersion = 17.0.31903.59
MinimumVisualStudioVersion = 10.0.40219.1
Project("{2150E333-8FDC-42A3-9474-1A3956D46DE8}") = "src", "src", "{BF1D50AE-B308-444F-A045-626984559FF3}"
EndProject
Project("{2150E333-8FDC-42A3-9474-1A3956D46DE8}") = "tests", "tests", "{851A1E88-156D-47A9-9121-1D063A4F621F}"
EndProject
Project("{2150E333-8FDC-42A3-9474-1A3956D46DE8}") = "Core", "Core", "{781352F4-AEC3-4BF2-8A95-4603584A2E7E}"
EndProject
Project("{2150E333-8FDC-42A3-9474-1A3956D46DE8}") = "External", "External", "{E896935D-DCE9-4598-A706-63F8FCACAB5D}"
EndProject
Project("{FAE04EC0-301F-11D3-BF4B-00C04F79EFBC}") = "CompressCraft.Domain", "src\Core\CompressCraft.Domain\CompressCraft.Domain.csproj", "{E597E497-104A-4C76-A3FB-A675A91EC2A6}"
EndProject
Project("{FAE04EC0-301F-11D3-BF4B-00C04F79EFBC}") = "CompressCraft.Application", "src\Core\CompressCraft.Application\CompressCraft.Application.csproj", "{CBA43E39-692D-4F4A-8D19-B5D150ADA9EB}"
EndProject
Project("{FAE04EC0-301F-11D3-BF4B-00C04F79EFBC}") = "CompressCraft.Infrastructure", "src\External\CompressCraft.Infrastructure\CompressCraft.Infrastructure.csproj", "{94791DC1-6079-4050-B5A9-1B3A96B187CF}"
EndProject
Project("{2150E333-8FDC-42A3-9474-1A3956D46DE8}") = "Core", "Core", "{509CE57C-D568-4520-B8B0-271F9B41234E}"
EndProject
Project("{FAE04EC0-301F-11D3-BF4B-00C04F79EFBC}") = "CompressCraft.Domain.UnitTests", "tests\Core\CompressCraft.Domain.UnitTests\CompressCraft.Domain.UnitTests.csproj", "{8D9D85C5-746D-4642-89A1-9A7AC65CE15B}"
EndProject
Project("{FAE04EC0-301F-11D3-BF4B-00C04F79EFBC}") = "CompressCraft.Application.UnitTests", "tests\Core\CompressCraft.Application.UnitTests\CompressCraft.Application.UnitTests.csproj", "{84394568-21FC-4913-ADB6-CCA88BF96F89}"
EndProject
Global
	GlobalSection(SolutionConfigurationPlatforms) = preSolution
		Debug|Any CPU = Debug|Any CPU
		Release|Any CPU = Release|Any CPU
	EndGlobalSection
	GlobalSection(ProjectConfigurationPlatforms) = postSolution
		{E597E497-104A-4C76-A3FB-A675A91EC2A6}.Debug|Any CPU.ActiveCfg = Debug|Any CPU
		{E597E497-104A-4C76-A3FB-A675A91EC2A6}.Debug|Any CPU.Build.0 = Debug|Any CPU
		{E597E497-104A-4C76-A3FB-A675A91EC2A6}.Release|Any CPU.ActiveCfg = Release|Any CPU
		{E597E497-104A-4C76-A3FB-A675A91EC2A6}.Release|Any CPU.Build.0 = Release|Any CPU
		{CBA43E39-692D-4F4A-8D19-B5D150ADA9EB}.Debug|Any CPU.ActiveCfg = Debug|Any CPU
		{CBA43E39-692D-4F4A-8D19-B5D150ADA9EB}.Debug|Any CPU.Build.0 = Debug|Any CPU
		{CBA43E39-692D-4F4A-8D19-B5D150ADA9EB}.Release|Any CPU.ActiveCfg = Release|Any CPU
		{CBA43E39-692D-4F4A-8D19-B5D150ADA9EB}.Release|Any CPU.Build.0 = Release|Any CPU
		{94791DC1-6079-4050-B5A9-1B3A96B187CF}.Debug|Any CPU.ActiveCfg = Debug|Any CPU
		{94791DC1-6079-4050-B5A9-1B3A96B187CF}.Debug|Any CPU.Build.0 = Debug|Any CPU
		{94791DC1-6079-4050-B5A9-1B3A96B187CF}.Release|Any CPU.ActiveCfg = Release|Any CPU
		{94791DC1-6079-4050-B5A9-1B3A96B187CF}.Release|Any CPU.Build.0 = Release|Any CPU
		{8D9D85C5-746D-4642-89A1-9A7AC65CE15B}.Debug|Any CPU.ActiveCfg = Debug|Any CPU
		{8D9D85C5-746D-4642-89A1-9A7AC65CE15B}.Debug|Any CPU.Build.0 = Debug|Any CPU
		{8D9D85C5-746D-4642-89A1-9A7AC65CE15B}.Release|Any CPU.ActiveCfg = Release|Any CPU
		{8D9D85C5-746D-4642-89A1-9A7AC65CE15B}.Release|Any CPU.Build.0 = Release|Any CPU
		{84394568-21FC-4913-ADB6-CCA88BF96F89}.Debug|Any CPU.ActiveCfg = Debug|Any CPU
		{84394568-21FC-4913-ADB6-CCA88BF96F89}.Debug|Any CPU.Build.0 = Debug|Any CPU
		{84394568-21FC-4913-ADB6-CCA88BF96F89}.Release|Any CPU.ActiveCfg = Release|Any CPU
		{84394568-21FC-4913-ADB6-CCA88BF96F89}.Release|Any CPU.Build.0 = Release|Any CPU
	EndGlobalSection
	GlobalSection(SolutionProperties) = preSolution
		HideSolutionNode = FALSE
	EndGlobalSection
	GlobalSection(NestedProjects) = preSolution
		{781352F4-AEC3-4BF2-8A95-4603584A2E7E} = {BF1D50AE-B308-444F-A045-626984559FF3}
		{E896935D-DCE9-4598-A706-63F8FCACAB5D} = {BF1D50AE-B308-444F-A045-626984559FF3}
		{E597E497-104A-4C76-A3FB-A675A91EC2A6} = {781352F4-AEC3-4BF2-8A95-4603584A2E7E}
		{CBA43E39-692D-4F4A-8D19-B5D150ADA9EB} = {781352F4-AEC3-4BF2-8A95-4603584A2E7E}
		{94791DC1-6079-4050-B5A9-1B3A96B187CF} = {E896935D-DCE9-4598-A706-63F8FCACAB5D}
		{509CE57C-D568-4520-B8B0-271F9B41234E} = {851A1E88-156D-47A9-9121-1D063A4F621F}
		{8D9D85C5-746D-4642-89A1-9A7AC65CE15B} = {509CE57C-D568-4520-B8B0-271F9B41234E}
		{84394568-21FC-4913-ADB6-CCA88BF96F89} = {509CE57C-D568-4520-B8B0-271F9B41234E}
	EndGlobalSection
	GlobalSection(ExtensibilityGlobals) = postSolution
		SolutionGuid = {9F70C736-FA0F-4F92-A6F1-AC8B139EFEA9}
	EndGlobalSection
EndGlobal
